
Microsoft Visual Studio Solution File, Format Version 12.00
# Visual Studio 2013
VisualStudioVersion = 12.0.21005.1
MinimumVisualStudioVersion = 10.0.40219.1
Project("{FAE04EC0-301F-11D3-BF4B-00C04F79EFBC}") = "5pk1", "5pk1.csproj", "{558C9B1D-95D8-4AAE-99E4-05BF814ECDFE}"
EndProject
Global
	GlobalSection(SolutionConfigurationPlatforms) = preSolution
		Debug|x86 = Debug|x86
		Release|x86 = Release|x86
	EndGlobalSection
	GlobalSection(ProjectConfigurationPlatforms) = postSolution
		{558C9B1D-95D8-4AAE-99E4-05BF814ECDFE}.Debug|x86.ActiveCfg = Debug|x86
		{558C9B1D-95D8-4AAE-99E4-05BF814ECDFE}.Debug|x86.Build.0 = Debug|x86
		{558C9B1D-95D8-4AAE-99E4-05BF814ECDFE}.Release|x86.ActiveCfg = Release|x86
		{558C9B1D-95D8-4AAE-99E4-05BF814ECDFE}.Release|x86.Build.0 = Release|x86
	EndGlobalSection
	GlobalSection(SolutionProperties) = preSolution
		HideSolutionNode = FALSE
	EndGlobalSection
EndGlobal
